
Microsoft Visual Studio Solution File, Format Version 12.00
# Visual Studio Version 16
VisualStudioVersion = 16.0.29926.136
MinimumVisualStudioVersion = 10.0.40219.1
Project("{F184B08F-C81C-45F6-A57F-5ABD9991F28F}") = "SFTPSeedSync", "SFTPSeedSync\SFTPSeedSync.vbproj", "{BD521E3B-C837-426A-8B8D-A86BD482DA37}"
EndProject
Global
	GlobalSection(SolutionConfigurationPlatforms) = preSolution
		Debug|Any CPU = Debug|Any CPU
		Release|Any CPU = Release|Any CPU
	EndGlobalSection
	GlobalSection(ProjectConfigurationPlatforms) = postSolution
		{BD521E3B-C837-426A-8B8D-A86BD482DA37}.Debug|Any CPU.ActiveCfg = Debug|Any CPU
		{BD521E3B-C837-426A-8B8D-A86BD482DA37}.Debug|Any CPU.Build.0 = Debug|Any CPU
		{BD521E3B-C837-426A-8B8D-A86BD482DA37}.Release|Any CPU.ActiveCfg = Release|Any CPU
		{BD521E3B-C837-426A-8B8D-A86BD482DA37}.Release|Any CPU.Build.0 = Release|Any CPU
	EndGlobalSection
	GlobalSection(SolutionProperties) = preSolution
		HideSolutionNode = FALSE
	EndGlobalSection
	GlobalSection(ExtensibilityGlobals) = postSolution
		SolutionGuid = {402EAE55-BF60-4253-B298-1BB9ECB6A2C5}
	EndGlobalSection
EndGlobal
